
Microsoft Visual Studio Solution File, Format Version 12.00
# Visual Studio Version 16
VisualStudioVersion = 16.0.31409.214
MinimumVisualStudioVersion = 10.0.40219.1
Project("{FAE04EC0-301F-11D3-BF4B-00C04F79EFBC}") = "Kafka.Net.Demo.Producer", "Kafka.Net.Demo.Producer\Kafka.Net.Demo.Producer.csproj", "{1FACB680-AC5B-4CD5-B3FD-27D963BE8644}"
EndProject
Project("{FAE04EC0-301F-11D3-BF4B-00C04F79EFBC}") = "Kafka.Net.Demo.Consumer", "Kafka.Net.Demo.Consumer\Kafka.Net.Demo.Consumer.csproj", "{5501CD34-4DCE-45CE-9B67-0F472EB7A002}"
EndProject
Project("{FAE04EC0-301F-11D3-BF4B-00C04F79EFBC}") = "Kafka.Net.Demo.Infrastructure", "Kafka.Net.Demo.Infrastructure\Kafka.Net.Demo.Infrastructure.csproj", "{39E16122-9987-467E-BFF5-3389239B2883}"
EndProject
Global
	GlobalSection(SolutionConfigurationPlatforms) = preSolution
		Debug|Any CPU = Debug|Any CPU
		Release|Any CPU = Release|Any CPU
	EndGlobalSection
	GlobalSection(ProjectConfigurationPlatforms) = postSolution
		{1FACB680-AC5B-4CD5-B3FD-27D963BE8644}.Debug|Any CPU.ActiveCfg = Debug|Any CPU
		{1FACB680-AC5B-4CD5-B3FD-27D963BE8644}.Debug|Any CPU.Build.0 = Debug|Any CPU
		{1FACB680-AC5B-4CD5-B3FD-27D963BE8644}.Release|Any CPU.ActiveCfg = Release|Any CPU
		{1FACB680-AC5B-4CD5-B3FD-27D963BE8644}.Release|Any CPU.Build.0 = Release|Any CPU
		{5501CD34-4DCE-45CE-9B67-0F472EB7A002}.Debug|Any CPU.ActiveCfg = Debug|Any CPU
		{5501CD34-4DCE-45CE-9B67-0F472EB7A002}.Debug|Any CPU.Build.0 = Debug|Any CPU
		{5501CD34-4DCE-45CE-9B67-0F472EB7A002}.Release|Any CPU.ActiveCfg = Release|Any CPU
		{5501CD34-4DCE-45CE-9B67-0F472EB7A002}.Release|Any CPU.Build.0 = Release|Any CPU
		{39E16122-9987-467E-BFF5-3389239B2883}.Debug|Any CPU.ActiveCfg = Debug|Any CPU
		{39E16122-9987-467E-BFF5-3389239B2883}.Debug|Any CPU.Build.0 = Debug|Any CPU
		{39E16122-9987-467E-BFF5-3389239B2883}.Release|Any CPU.ActiveCfg = Release|Any CPU
		{39E16122-9987-467E-BFF5-3389239B2883}.Release|Any CPU.Build.0 = Release|Any CPU
	EndGlobalSection
	GlobalSection(SolutionProperties) = preSolution
		HideSolutionNode = FALSE
	EndGlobalSection
	GlobalSection(ExtensibilityGlobals) = postSolution
		SolutionGuid = {64AA2882-3AC3-4BBA-84A4-16CC0168D58C}
	EndGlobalSection
EndGlobal
